PODS:
  - BoloNativePlayer (0.41.0)
  - composeApp (1.0.0-alpha.1):
    - BoloNativePlayer (= 0.41.0)

DEPENDENCIES:
  - BoloNativePlayer (from `../nativePlayer/build/ios`)
  - composeApp (from `../composeApp`)

EXTERNAL SOURCES:
  BoloNativePlayer:
    :path: "../nativePlayer/build/ios"
  composeApp:
    :path: "../composeApp"

SPEC CHECKSUMS:
  BoloNativePlayer: 69fce677e3e7f75830421def3367c3bf479b452e
  composeApp: 7521300682d7d23bafa979967fabcba7f78d0d8e

PODFILE CHECKSUM: 065054bdca7d1b9010482e8db5b20959086c37f3

COCOAPODS: 1.17.0
