PODS:
  - BoloNativePlayer (0.41.0)
  - composeApp (1.0.0-alpha.1):
    - BoloNativePlayer (= 0.41.0)

DEPENDENCIES:
  - BoloNativePlayer (from `../nativePlayer/build/ios`)
  - composeApp (from `../composeApp`)

EXTERNAL SOURCES:
  BoloNativePlayer:
    :path: "../nativePlayer/build/ios"
  composeApp:
    :path: "../composeApp"

SPEC CHECKSUMS:
  BoloNativePlayer: 20c7e68926c43cfc868d2c3797cdc45dec317946
  composeApp: 9c6a24bcb8c4fb2573e829fdc944bff247c282b4

PODFILE CHECKSUM: 0bc09d8c90741f912d08d431e443dc8b5572431c

COCOAPODS: 1.17.0
