PODS:
  - BoloNativePlayer (0.41.0)
  - composeApp (1.0.0-alpha.1):
    - BoloNativePlayer (= 0.41.0)

DEPENDENCIES:
  - BoloNativePlayer (from `../nativePlayer/build/ios`)
  - composeApp (from `../composeApp`)

EXTERNAL SOURCES:
  BoloNativePlayer:
    :path: "../nativePlayer/build/ios"
  composeApp:
    :path: "../composeApp"

SPEC CHECKSUMS:
  BoloNativePlayer: 4945ab71ccf52ec0936adb5387331568fde99867
  composeApp: 7521300682d7d23bafa979967fabcba7f78d0d8e

PODFILE CHECKSUM: 0bc09d8c90741f912d08d431e443dc8b5572431c

COCOAPODS: 1.17.0
